
Microsoft Visual Studio Solution File, Format Version 12.00
# Visual Studio Version 16
VisualStudioVersion = 16.0.30907.101
MinimumVisualStudioVersion = 10.0.40219.1
Project("{9A19103F-16F7-4668-BE54-9A1E7A4F7556}") = "KampIntro", "KampIntro\KampIntro.csproj", "{249D8B21-40B2-4631-943F-27089F595E1F}"
EndProject
Project("{9A19103F-16F7-4668-BE54-9A1E7A4F7556}") = "Donguler", "Donguler\Donguler.csproj", "{AE926536-621E-4742-8335-B91F2C4BDE41}"
EndProject
Project("{9A19103F-16F7-4668-BE54-9A1E7A4F7556}") = "ClassIntro", "ClassIntro\ClassIntro.csproj", "{D8DC2019-89C1-415B-A9E2-0523B85B3019}"
EndProject
Project("{9A19103F-16F7-4668-BE54-9A1E7A4F7556}") = "Metotlar", "Metotlar\Metotlar.csproj", "{72DA66F3-33D9-4560-AFE7-803FA78BCA35}"
EndProject
Project("{9A19103F-16F7-4668-BE54-9A1E7A4F7556}") = "Matematik", "Matematik\Matematik.csproj", "{F92539C4-AB50-4F9E-B642-7AD10F08B1C9}"
EndProject
Project("{9A19103F-16F7-4668-BE54-9A1E7A4F7556}") = "DegerVeReferansTipler", "DegerVeReferansTipler\DegerVeReferansTipler.csproj", "{8F38C890-6EAB-441F-8939-C4B88F6A5E4B}"
EndProject
Project("{9A19103F-16F7-4668-BE54-9A1E7A4F7556}") = "OOP1", "OOP1\OOP1.csproj", "{359FB6C6-4102-43BC-BEF7-4F2FB5E75803}"
EndProject
Project("{9A19103F-16F7-4668-BE54-9A1E7A4F7556}") = "Koleksiyonlar", "Koleksiyonlar\Koleksiyonlar.csproj", "{83315D7D-8227-477C-8FF1-E62C4215132F}"
EndProject
Project("{9A19103F-16F7-4668-BE54-9A1E7A4F7556}") = "GenericsIntro", "GenericsIntro\GenericsIntro.csproj", "{F23A7861-1C87-4CA4-9509-C7EF44B116C6}"
EndProject
Project("{9A19103F-16F7-4668-BE54-9A1E7A4F7556}") = "OOP2", "OOP2\OOP2.csproj", "{98892012-8D80-40AA-BCBC-8E99F2D86561}"
EndProject
Project("{FAE04EC0-301F-11D3-BF4B-00C04F79EFBC}") = "OOP3", "OOP3\OOP3.csproj", "{D1DA1FD0-03EC-4D18-935F-0C8567C472BE}"
EndProject
Global
	GlobalSection(SolutionConfigurationPlatforms) = preSolution
		Debug|Any CPU = Debug|Any CPU
		Release|Any CPU = Release|Any CPU
	EndGlobalSection
	GlobalSection(ProjectConfigurationPlatforms) = postSolution
		{249D8B21-40B2-4631-943F-27089F595E1F}.Debug|Any CPU.ActiveCfg = Debug|Any CPU
		{249D8B21-40B2-4631-943F-27089F595E1F}.Debug|Any CPU.Build.0 = Debug|Any CPU
		{249D8B21-40B2-4631-943F-27089F595E1F}.Release|Any CPU.ActiveCfg = Release|Any CPU
		{249D8B21-40B2-4631-943F-27089F595E1F}.Release|Any CPU.Build.0 = Release|Any CPU
		{AE926536-621E-4742-8335-B91F2C4BDE41}.Debug|Any CPU.ActiveCfg = Debug|Any CPU
		{AE926536-621E-4742-8335-B91F2C4BDE41}.Debug|Any CPU.Build.0 = Debug|Any CPU
		{AE926536-621E-4742-8335-B91F2C4BDE41}.Release|Any CPU.ActiveCfg = Release|Any CPU
		{AE926536-621E-4742-8335-B91F2C4BDE41}.Release|Any CPU.Build.0 = Release|Any CPU
		{D8DC2019-89C1-415B-A9E2-0523B85B3019}.Debug|Any CPU.ActiveCfg = Debug|Any CPU
		{D8DC2019-89C1-415B-A9E2-0523B85B3019}.Debug|Any CPU.Build.0 = Debug|Any CPU
		{D8DC2019-89C1-415B-A9E2-0523B85B3019}.Release|Any CPU.ActiveCfg = Release|Any CPU
		{D8DC2019-89C1-415B-A9E2-0523B85B3019}.Release|Any CPU.Build.0 = Release|Any CPU
		{72DA66F3-33D9-4560-AFE7-803FA78BCA35}.Debug|Any CPU.ActiveCfg = Debug|Any CPU
		{72DA66F3-33D9-4560-AFE7-803FA78BCA35}.Debug|Any CPU.Build.0 = Debug|Any CPU
		{72DA66F3-33D9-4560-AFE7-803FA78BCA35}.Release|Any CPU.ActiveCfg = Release|Any CPU
		{72DA66F3-33D9-4560-AFE7-803FA78BCA35}.Release|Any CPU.Build.0 = Release|Any CPU
		{F92539C4-AB50-4F9E-B642-7AD10F08B1C9}.Debug|Any CPU.ActiveCfg = Debug|Any CPU
		{F92539C4-AB50-4F9E-B642-7AD10F08B1C9}.Debug|Any CPU.Build.0 = Debug|Any CPU
		{F92539C4-AB50-4F9E-B642-7AD10F08B1C9}.Release|Any CPU.ActiveCfg = Release|Any CPU
		{F92539C4-AB50-4F9E-B642-7AD10F08B1C9}.Release|Any CPU.Build.0 = Release|Any CPU
		{8F38C890-6EAB-441F-8939-C4B88F6A5E4B}.Debug|Any CPU.ActiveCfg = Debug|Any CPU
		{8F38C890-6EAB-441F-8939-C4B88F6A5E4B}.Debug|Any CPU.Build.0 = Debug|Any CPU
		{8F38C890-6EAB-441F-8939-C4B88F6A5E4B}.Release|Any CPU.ActiveCfg = Release|Any CPU
		{8F38C890-6EAB-441F-8939-C4B88F6A5E4B}.Release|Any CPU.Build.0 = Release|Any CPU
		{359FB6C6-4102-43BC-BEF7-4F2FB5E75803}.Debug|Any CPU.ActiveCfg = Debug|Any CPU
		{359FB6C6-4102-43BC-BEF7-4F2FB5E75803}.Debug|Any CPU.Build.0 = Debug|Any CPU
		{359FB6C6-4102-43BC-BEF7-4F2FB5E75803}.Release|Any CPU.ActiveCfg = Release|Any CPU
		{359FB6C6-4102-43BC-BEF7-4F2FB5E75803}.Release|Any CPU.Build.0 = Release|Any CPU
		{83315D7D-8227-477C-8FF1-E62C4215132F}.Debug|Any CPU.ActiveCfg = Debug|Any CPU
		{83315D7D-8227-477C-8FF1-E62C4215132F}.Debug|Any CPU.Build.0 = Debug|Any CPU
		{83315D7D-8227-477C-8FF1-E62C4215132F}.Release|Any CPU.ActiveCfg = Release|Any CPU
		{83315D7D-8227-477C-8FF1-E62C4215132F}.Release|Any CPU.Build.0 = Release|Any CPU
		{F23A7861-1C87-4CA4-9509-C7EF44B116C6}.Debug|Any CPU.ActiveCfg = Debug|Any CPU
		{F23A7861-1C87-4CA4-9509-C7EF44B116C6}.Debug|Any CPU.Build.0 = Debug|Any CPU
		{F23A7861-1C87-4CA4-9509-C7EF44B116C6}.Release|Any CPU.ActiveCfg = Release|Any CPU
		{F23A7861-1C87-4CA4-9509-C7EF44B116C6}.Release|Any CPU.Build.0 = Release|Any CPU
		{98892012-8D80-40AA-BCBC-8E99F2D86561}.Debug|Any CPU.ActiveCfg = Debug|Any CPU
		{98892012-8D80-40AA-BCBC-8E99F2D86561}.Debug|Any CPU.Build.0 = Debug|Any CPU
		{98892012-8D80-40AA-BCBC-8E99F2D86561}.Release|Any CPU.ActiveCfg = Release|Any CPU
		{98892012-8D80-40AA-BCBC-8E99F2D86561}.Release|Any CPU.Build.0 = Release|Any CPU
		{D1DA1FD0-03EC-4D18-935F-0C8567C472BE}.Debug|Any CPU.ActiveCfg = Debug|Any CPU
		{D1DA1FD0-03EC-4D18-935F-0C8567C472BE}.Debug|Any CPU.Build.0 = Debug|Any CPU
		{D1DA1FD0-03EC-4D18-935F-0C8567C472BE}.Release|Any CPU.ActiveCfg = Release|Any CPU
		{D1DA1FD0-03EC-4D18-935F-0C8567C472BE}.Release|Any CPU.Build.0 = Release|Any CPU
	EndGlobalSection
	GlobalSection(SolutionProperties) = preSolution
		HideSolutionNode = FALSE
	EndGlobalSection
	GlobalSection(ExtensibilityGlobals) = postSolution
		SolutionGuid = {BF6C5EC2-B304-48D7-9F88-72912FABB38F}
	EndGlobalSection
EndGlobal
